
Microsoft Visual Studio Solution File, Format Version 12.00
# Visual Studio Version 16
VisualStudioVersion = 16.0.30621.155
MinimumVisualStudioVersion = 10.0.40219.1
Project("{8BC9CEB8-8B4A-11D0-8D11-00A0C91BC942}") = "cgvhid", "cgvhid\Cgvhid.vcxproj", "{4646AD72-33D4-4EDC-BAD3-C7C5ACFCAB68}"
EndProject
Project("{8BC9CEB8-8B4A-11D0-8D11-00A0C91BC942}") = "cgvhid_test", "cgvhid_test\cgvhid_test.vcxproj", "{52DE4417-8A90-48B3-A0E1-E3D2E00574E4}"
EndProject
Project("{930C7802-8A8C-48F9-8165-68863BCCD9DD}") = "cgvhid_setup", "cgvhid_setup\cgvhid_setup.wixproj", "{E1A5B6AC-F386-4D49-86AF-FEA918ED1188}"
EndProject
Project("{8BC9CEB8-8B4A-11D0-8D11-00A0C91BC942}") = "cgvhid_reset", "cgvhid_reset\cgvhid_reset.vcxproj", "{91B2FBA6-D716-4884-A702-D3A65396144A}"
EndProject
Global
	GlobalSection(SolutionConfigurationPlatforms) = preSolution
		Debug|ARM = Debug|ARM
		Debug|ARM64 = Debug|ARM64
		Debug|x64 = Debug|x64
		Debug|x86 = Debug|x86
		Release|ARM = Release|ARM
		Release|ARM64 = Release|ARM64
		Release|x64 = Release|x64
		Release|x86 = Release|x86
	EndGlobalSection
	GlobalSection(ProjectConfigurationPlatforms) = postSolution
		{4646AD72-33D4-4EDC-BAD3-C7C5ACFCAB68}.Debug|ARM.ActiveCfg = Debug|ARM
		{4646AD72-33D4-4EDC-BAD3-C7C5ACFCAB68}.Debug|ARM.Build.0 = Debug|ARM
		{4646AD72-33D4-4EDC-BAD3-C7C5ACFCAB68}.Debug|ARM.Deploy.0 = Debug|ARM
		{4646AD72-33D4-4EDC-BAD3-C7C5ACFCAB68}.Debug|ARM64.ActiveCfg = Debug|ARM64
		{4646AD72-33D4-4EDC-BAD3-C7C5ACFCAB68}.Debug|ARM64.Build.0 = Debug|ARM64
		{4646AD72-33D4-4EDC-BAD3-C7C5ACFCAB68}.Debug|ARM64.Deploy.0 = Debug|ARM64
		{4646AD72-33D4-4EDC-BAD3-C7C5ACFCAB68}.Debug|x64.ActiveCfg = Debug|x64
		{4646AD72-33D4-4EDC-BAD3-C7C5ACFCAB68}.Debug|x64.Build.0 = Debug|x64
		{4646AD72-33D4-4EDC-BAD3-C7C5ACFCAB68}.Debug|x64.Deploy.0 = Debug|x64
		{4646AD72-33D4-4EDC-BAD3-C7C5ACFCAB68}.Debug|x86.ActiveCfg = Debug|Win32
		{4646AD72-33D4-4EDC-BAD3-C7C5ACFCAB68}.Debug|x86.Build.0 = Debug|Win32
		{4646AD72-33D4-4EDC-BAD3-C7C5ACFCAB68}.Debug|x86.Deploy.0 = Debug|Win32
		{4646AD72-33D4-4EDC-BAD3-C7C5ACFCAB68}.Release|ARM.ActiveCfg = Release|ARM
		{4646AD72-33D4-4EDC-BAD3-C7C5ACFCAB68}.Release|ARM.Build.0 = Release|ARM
		{4646AD72-33D4-4EDC-BAD3-C7C5ACFCAB68}.Release|ARM.Deploy.0 = Release|ARM
		{4646AD72-33D4-4EDC-BAD3-C7C5ACFCAB68}.Release|ARM64.ActiveCfg = Release|ARM64
		{4646AD72-33D4-4EDC-BAD3-C7C5ACFCAB68}.Release|ARM64.Build.0 = Release|ARM64
		{4646AD72-33D4-4EDC-BAD3-C7C5ACFCAB68}.Release|ARM64.Deploy.0 = Release|ARM64
		{4646AD72-33D4-4EDC-BAD3-C7C5ACFCAB68}.Release|x64.ActiveCfg = Release|x64
		{4646AD72-33D4-4EDC-BAD3-C7C5ACFCAB68}.Release|x64.Build.0 = Release|x64
		{4646AD72-33D4-4EDC-BAD3-C7C5ACFCAB68}.Release|x64.Deploy.0 = Release|x64
		{4646AD72-33D4-4EDC-BAD3-C7C5ACFCAB68}.Release|x86.ActiveCfg = Release|Win32
		{4646AD72-33D4-4EDC-BAD3-C7C5ACFCAB68}.Release|x86.Build.0 = Release|Win32
		{4646AD72-33D4-4EDC-BAD3-C7C5ACFCAB68}.Release|x86.Deploy.0 = Release|Win32
		{52DE4417-8A90-48B3-A0E1-E3D2E00574E4}.Debug|ARM.ActiveCfg = Debug|Win32
		{52DE4417-8A90-48B3-A0E1-E3D2E00574E4}.Debug|ARM64.ActiveCfg = Debug|Win32
		{52DE4417-8A90-48B3-A0E1-E3D2E00574E4}.Debug|x64.ActiveCfg = Debug|x64
		{52DE4417-8A90-48B3-A0E1-E3D2E00574E4}.Debug|x64.Build.0 = Debug|x64
		{52DE4417-8A90-48B3-A0E1-E3D2E00574E4}.Debug|x86.ActiveCfg = Debug|Win32
		{52DE4417-8A90-48B3-A0E1-E3D2E00574E4}.Debug|x86.Build.0 = Debug|Win32
		{52DE4417-8A90-48B3-A0E1-E3D2E00574E4}.Release|ARM.ActiveCfg = Release|Win32
		{52DE4417-8A90-48B3-A0E1-E3D2E00574E4}.Release|ARM64.ActiveCfg = Release|Win32
		{52DE4417-8A90-48B3-A0E1-E3D2E00574E4}.Release|x64.ActiveCfg = Release|x64
		{52DE4417-8A90-48B3-A0E1-E3D2E00574E4}.Release|x64.Build.0 = Release|x64
		{52DE4417-8A90-48B3-A0E1-E3D2E00574E4}.Release|x86.ActiveCfg = Release|Win32
		{52DE4417-8A90-48B3-A0E1-E3D2E00574E4}.Release|x86.Build.0 = Release|Win32
		{E1A5B6AC-F386-4D49-86AF-FEA918ED1188}.Debug|ARM.ActiveCfg = Debug|x86
		{E1A5B6AC-F386-4D49-86AF-FEA918ED1188}.Debug|ARM64.ActiveCfg = Debug|x86
		{E1A5B6AC-F386-4D49-86AF-FEA918ED1188}.Debug|x64.ActiveCfg = Debug|x64
		{E1A5B6AC-F386-4D49-86AF-FEA918ED1188}.Debug|x86.ActiveCfg = Debug|x86
		{E1A5B6AC-F386-4D49-86AF-FEA918ED1188}.Debug|x86.Build.0 = Debug|x86
		{E1A5B6AC-F386-4D49-86AF-FEA918ED1188}.Release|ARM.ActiveCfg = Release|x86
		{E1A5B6AC-F386-4D49-86AF-FEA918ED1188}.Release|ARM64.ActiveCfg = Release|x86
		{E1A5B6AC-F386-4D49-86AF-FEA918ED1188}.Release|x64.ActiveCfg = Release|x64
		{E1A5B6AC-F386-4D49-86AF-FEA918ED1188}.Release|x86.ActiveCfg = Release|x86
		{E1A5B6AC-F386-4D49-86AF-FEA918ED1188}.Release|x86.Build.0 = Release|x86
		{91B2FBA6-D716-4884-A702-D3A65396144A}.Debug|ARM.ActiveCfg = Debug|Win32
		{91B2FBA6-D716-4884-A702-D3A65396144A}.Debug|ARM64.ActiveCfg = Debug|Win32
		{91B2FBA6-D716-4884-A702-D3A65396144A}.Debug|x64.ActiveCfg = Debug|x64
		{91B2FBA6-D716-4884-A702-D3A65396144A}.Debug|x64.Build.0 = Debug|x64
		{91B2FBA6-D716-4884-A702-D3A65396144A}.Debug|x86.ActiveCfg = Debug|Win32
		{91B2FBA6-D716-4884-A702-D3A65396144A}.Debug|x86.Build.0 = Debug|Win32
		{91B2FBA6-D716-4884-A702-D3A65396144A}.Release|ARM.ActiveCfg = Release|Win32
		{91B2FBA6-D716-4884-A702-D3A65396144A}.Release|ARM64.ActiveCfg = Release|Win32
		{91B2FBA6-D716-4884-A702-D3A65396144A}.Release|x64.ActiveCfg = Release|x64
		{91B2FBA6-D716-4884-A702-D3A65396144A}.Release|x64.Build.0 = Release|x64
		{91B2FBA6-D716-4884-A702-D3A65396144A}.Release|x86.ActiveCfg = Release|Win32
		{91B2FBA6-D716-4884-A702-D3A65396144A}.Release|x86.Build.0 = Release|Win32
	EndGlobalSection
	GlobalSection(SolutionProperties) = preSolution
		HideSolutionNode = FALSE
	EndGlobalSection
	GlobalSection(ExtensibilityGlobals) = postSolution
		SolutionGuid = {2DD45261-3DC7-4883-9801-72FE47E8DA3C}
	EndGlobalSection
EndGlobal
