<?xml version="1.0" encoding="utf-8"?>
<Project ToolsVersion="4.0" xmlns="http://schemas.microsoft.com/developer/msbuild/2003">
  <ItemGroup>
    <Filter Include="Source Files">
      <UniqueIdentifier>{4FC737F1-C7A5-4376-A066-2A32D752A2FF}</UniqueIdentifier>
      <Extensions>cpp;c;cc;cxx;c++;cppm;ixx;def;odl;idl;hpj;bat;asm;asmx</Extensions>
    </Filter>
    <Filter Include="Header Files">
      <UniqueIdentifier>{93995380-89BD-4b04-88EB-625FBE52EBFB}</UniqueIdentifier>
      <Extensions>h;hh;hpp;hxx;h++;hm;inl;inc;ipp;xsd</Extensions>
    </Filter>
    <Filter Include="Resource Files">
      <UniqueIdentifier>{67DA6AB6-F800-4c08-8B7A-83BB121AAD01}</UniqueIdentifier>
      <Extensions>rc;ico;cur;bmp;dlg;rc2;rct;bin;rgs;gif;jpg;jpeg;jpe;resx;tiff;tif;png;wav;mfcribbon-ms</Extensions>
    </Filter>
    <Filter Include="Source Files\cgvhid_client">
      <UniqueIdentifier>{c769d11b-4cba-400d-b2d6-9b77a26f3966}</UniqueIdentifier>
    </Filter>
    <Filter Include="Source Files\ViGEmClient">
      <UniqueIdentifier>{7e2b5123-8702-4ca2-a9ec-80552fa09b12}</UniqueIdentifier>
    </Filter>
  </ItemGroup>
  <ItemGroup>
    <ClCompile Include="cge.cpp">
      <Filter>Source Files</Filter>
    </ClCompile>
    <ClCompile Include="engine.cpp">
      <Filter>Source Files</Filter>
    </ClCompile>
    <ClCompile Include="ws_server.cpp">
      <Filter>Source Files</Filter>
    </ClCompile>
    <ClCompile Include="udp_server.cpp">
      <Filter>Source Files</Filter>
    </ClCompile>
    <ClCompile Include="encoder.cpp">
      <Filter>Source Files</Filter>
    </ClCompile>
    <ClCompile Include="audio_encoder.cpp">
      <Filter>Source Files</Filter>
    </ClCompile>
    <ClCompile Include="video_encoder.cpp">
      <Filter>Source Files</Filter>
    </ClCompile>
    <ClCompile Include="sound_capturer.cpp">
      <Filter>Source Files</Filter>
    </ClCompile>
    <ClCompile Include="pch.cpp">
      <Filter>Source Files</Filter>
    </ClCompile>
    <ClCompile Include="audio_resampler.cpp">
      <Filter>Source Files</Filter>
    </ClCompile>
    <ClCompile Include="..\..\cgvhid\cgvhid_client\cgvhid.cpp">
      <Filter>Source Files\cgvhid_client</Filter>
    </ClCompile>
    <ClCompile Include="..\..\cgvhid\cgvhid_client\cgvhid_client.cpp">
      <Filter>Source Files\cgvhid_client</Filter>
    </ClCompile>
    <ClCompile Include="vigem_client.cpp">
      <Filter>Source Files</Filter>
    </ClCompile>
    <ClCompile Include="..\..\deps\ViGEmClient\src\ViGEmClient.cpp">
      <Filter>Source Files\ViGEmClient</Filter>
    </ClCompile>
  </ItemGroup>
  <ItemGroup>
    <ClInclude Include="engine.h">
      <Filter>Header Files</Filter>
    </ClInclude>
    <ClInclude Include="ws_server.h">
      <Filter>Header Files</Filter>
    </ClInclude>
    <ClInclude Include="net.hpp">
      <Filter>Header Files</Filter>
    </ClInclude>
    <ClInclude Include="udp_server.h">
      <Filter>Header Files</Filter>
    </ClInclude>
    <ClInclude Include="encoder.h">
      <Filter>Header Files</Filter>
    </ClInclude>
    <ClInclude Include="audio_encoder.h">
      <Filter>Header Files</Filter>
    </ClInclude>
    <ClInclude Include="video_encoder.h">
      <Filter>Header Files</Filter>
    </ClInclude>
    <ClInclude Include="sound_capturer.h">
      <Filter>Header Files</Filter>
    </ClInclude>
    <ClInclude Include="pch.h">
      <Filter>Header Files</Filter>
    </ClInclude>
    <ClInclude Include="ffmpeg.h">
      <Filter>Header Files</Filter>
    </ClInclude>
    <ClInclude Include="audio_resampler.h">
      <Filter>Header Files</Filter>
    </ClInclude>
    <ClInclude Include="encoder_internal.h">
      <Filter>Header Files</Filter>
    </ClInclude>
    <ClInclude Include="app.hpp">
      <Filter>Header Files</Filter>
    </ClInclude>
    <ClInclude Include="vigem_client.h">
      <Filter>Header Files</Filter>
    </ClInclude>
  </ItemGroup>
</Project>