
Microsoft Visual Studio Solution File, Format Version 12.00
# Visual Studio Version 17
VisualStudioVersion = 17.0.32126.317
MinimumVisualStudioVersion = 10.0.40219.1
Project("{8BC9CEB8-8B4A-11D0-8D11-00A0C91BC942}") = "EasyHookDll", "EasyHook\EasyHookDll\EasyHookDll.vcxproj", "{D087E484-DBC9-4A2E-8368-C1D0E524994D}"
EndProject
Project("{8BC9CEB8-8B4A-11D0-8D11-00A0C91BC942}") = "cgi", "cgi\cgi.vcxproj", "{2F176287-9A57-4F64-97C9-88D8F8632CE2}"
EndProject
Project("{8BC9CEB8-8B4A-11D0-8D11-00A0C91BC942}") = "captureyuv", "captureyuv\captureyuv.vcxproj", "{8AD8B589-685A-4602-8FAF-25BA987F4EDA}"
EndProject
Project("{8BC9CEB8-8B4A-11D0-8D11-00A0C91BC942}") = "capturetex", "capturetex\capturetex.vcxproj", "{089E7B96-415B-42A6-92C7-631B09E0CE6F}"
EndProject
Global
	GlobalSection(SolutionConfigurationPlatforms) = preSolution
		Debug|x64 = Debug|x64
		Debug|x86 = Debug|x86
		MTRelease|x64 = MTRelease|x64
		MTRelease|x86 = MTRelease|x86
		Release|x64 = Release|x64
		Release|x86 = Release|x86
	EndGlobalSection
	GlobalSection(ProjectConfigurationPlatforms) = postSolution
		{D087E484-DBC9-4A2E-8368-C1D0E524994D}.Debug|x64.ActiveCfg = Debug|x64
		{D087E484-DBC9-4A2E-8368-C1D0E524994D}.Debug|x64.Build.0 = Debug|x64
		{D087E484-DBC9-4A2E-8368-C1D0E524994D}.Debug|x86.ActiveCfg = Debug|Win32
		{D087E484-DBC9-4A2E-8368-C1D0E524994D}.Debug|x86.Build.0 = Debug|Win32
		{D087E484-DBC9-4A2E-8368-C1D0E524994D}.MTRelease|x64.ActiveCfg = MTRelease|x64
		{D087E484-DBC9-4A2E-8368-C1D0E524994D}.MTRelease|x64.Build.0 = MTRelease|x64
		{D087E484-DBC9-4A2E-8368-C1D0E524994D}.MTRelease|x86.ActiveCfg = MTRelease|Win32
		{D087E484-DBC9-4A2E-8368-C1D0E524994D}.MTRelease|x86.Build.0 = MTRelease|Win32
		{D087E484-DBC9-4A2E-8368-C1D0E524994D}.Release|x64.ActiveCfg = Release|x64
		{D087E484-DBC9-4A2E-8368-C1D0E524994D}.Release|x64.Build.0 = Release|x64
		{D087E484-DBC9-4A2E-8368-C1D0E524994D}.Release|x86.ActiveCfg = Release|Win32
		{D087E484-DBC9-4A2E-8368-C1D0E524994D}.Release|x86.Build.0 = Release|Win32
		{2F176287-9A57-4F64-97C9-88D8F8632CE2}.Debug|x64.ActiveCfg = Debug|x64
		{2F176287-9A57-4F64-97C9-88D8F8632CE2}.Debug|x64.Build.0 = Debug|x64
		{2F176287-9A57-4F64-97C9-88D8F8632CE2}.Debug|x86.ActiveCfg = Debug|Win32
		{2F176287-9A57-4F64-97C9-88D8F8632CE2}.Debug|x86.Build.0 = Debug|Win32
		{2F176287-9A57-4F64-97C9-88D8F8632CE2}.MTRelease|x64.ActiveCfg = MTRelease|x64
		{2F176287-9A57-4F64-97C9-88D8F8632CE2}.MTRelease|x64.Build.0 = MTRelease|x64
		{2F176287-9A57-4F64-97C9-88D8F8632CE2}.MTRelease|x86.ActiveCfg = MTRelease|Win32
		{2F176287-9A57-4F64-97C9-88D8F8632CE2}.MTRelease|x86.Build.0 = MTRelease|Win32
		{2F176287-9A57-4F64-97C9-88D8F8632CE2}.Release|x64.ActiveCfg = Release|x64
		{2F176287-9A57-4F64-97C9-88D8F8632CE2}.Release|x64.Build.0 = Release|x64
		{2F176287-9A57-4F64-97C9-88D8F8632CE2}.Release|x86.ActiveCfg = Release|Win32
		{2F176287-9A57-4F64-97C9-88D8F8632CE2}.Release|x86.Build.0 = Release|Win32
		{8AD8B589-685A-4602-8FAF-25BA987F4EDA}.Debug|x64.ActiveCfg = Debug|x64
		{8AD8B589-685A-4602-8FAF-25BA987F4EDA}.Debug|x64.Build.0 = Debug|x64
		{8AD8B589-685A-4602-8FAF-25BA987F4EDA}.Debug|x86.ActiveCfg = Debug|Win32
		{8AD8B589-685A-4602-8FAF-25BA987F4EDA}.Debug|x86.Build.0 = Debug|Win32
		{8AD8B589-685A-4602-8FAF-25BA987F4EDA}.MTRelease|x64.ActiveCfg = MTRelease|x64
		{8AD8B589-685A-4602-8FAF-25BA987F4EDA}.MTRelease|x64.Build.0 = MTRelease|x64
		{8AD8B589-685A-4602-8FAF-25BA987F4EDA}.MTRelease|x86.ActiveCfg = MTRelease|Win32
		{8AD8B589-685A-4602-8FAF-25BA987F4EDA}.MTRelease|x86.Build.0 = MTRelease|Win32
		{8AD8B589-685A-4602-8FAF-25BA987F4EDA}.Release|x64.ActiveCfg = Release|x64
		{8AD8B589-685A-4602-8FAF-25BA987F4EDA}.Release|x64.Build.0 = Release|x64
		{8AD8B589-685A-4602-8FAF-25BA987F4EDA}.Release|x86.ActiveCfg = Release|Win32
		{8AD8B589-685A-4602-8FAF-25BA987F4EDA}.Release|x86.Build.0 = Release|Win32
		{089E7B96-415B-42A6-92C7-631B09E0CE6F}.Debug|x64.ActiveCfg = Debug|x64
		{089E7B96-415B-42A6-92C7-631B09E0CE6F}.Debug|x64.Build.0 = Debug|x64
		{089E7B96-415B-42A6-92C7-631B09E0CE6F}.Debug|x86.ActiveCfg = Debug|Win32
		{089E7B96-415B-42A6-92C7-631B09E0CE6F}.Debug|x86.Build.0 = Debug|Win32
		{089E7B96-415B-42A6-92C7-631B09E0CE6F}.MTRelease|x64.ActiveCfg = MTRelease|x64
		{089E7B96-415B-42A6-92C7-631B09E0CE6F}.MTRelease|x64.Build.0 = MTRelease|x64
		{089E7B96-415B-42A6-92C7-631B09E0CE6F}.MTRelease|x86.ActiveCfg = MTRelease|Win32
		{089E7B96-415B-42A6-92C7-631B09E0CE6F}.MTRelease|x86.Build.0 = MTRelease|Win32
		{089E7B96-415B-42A6-92C7-631B09E0CE6F}.Release|x64.ActiveCfg = Release|x64
		{089E7B96-415B-42A6-92C7-631B09E0CE6F}.Release|x64.Build.0 = Release|x64
		{089E7B96-415B-42A6-92C7-631B09E0CE6F}.Release|x86.ActiveCfg = Release|Win32
		{089E7B96-415B-42A6-92C7-631B09E0CE6F}.Release|x86.Build.0 = Release|Win32
	EndGlobalSection
	GlobalSection(SolutionProperties) = preSolution
		HideSolutionNode = FALSE
	EndGlobalSection
	GlobalSection(ExtensibilityGlobals) = postSolution
		SolutionGuid = {A1FDC751-49A5-4024-B9CD-8234E04568A8}
	EndGlobalSection
EndGlobal
