
Microsoft Visual Studio Solution File, Format Version 12.00
# Visual Studio Version 17
VisualStudioVersion = 17.1.32210.238
MinimumVisualStudioVersion = 10.0.40219.1
Project("{930C7802-8A8C-48F9-8165-68863BCCD9DD}") = "cgvd_setup", "cgvd_setup\cgvd_setup.wixproj", "{82B03C42-FA95-4B52-B698-2C24E6D6CA01}"
	ProjectSection(ProjectDependencies) = postProject
		{C726452C-E821-4510-B9C9-061D281CC116} = {C726452C-E821-4510-B9C9-061D281CC116}
	EndProjectSection
EndProject
Project("{8BC9CEB8-8B4A-11D0-8D11-00A0C91BC942}") = "cgvd", "cgvd\cgvd.vcxproj", "{C726452C-E821-4510-B9C9-061D281CC116}"
EndProject
Global
	GlobalSection(SolutionConfigurationPlatforms) = preSolution
		Debug|x64 = Debug|x64
		Debug|x86 = Debug|x86
		Release|x64 = Release|x64
		Release|x86 = Release|x86
	EndGlobalSection
	GlobalSection(ProjectConfigurationPlatforms) = postSolution
		{82B03C42-FA95-4B52-B698-2C24E6D6CA01}.Debug|x64.ActiveCfg = Debug|x64
		{82B03C42-FA95-4B52-B698-2C24E6D6CA01}.Debug|x64.Build.0 = Debug|x64
		{82B03C42-FA95-4B52-B698-2C24E6D6CA01}.Debug|x86.ActiveCfg = Debug|x64
		{82B03C42-FA95-4B52-B698-2C24E6D6CA01}.Debug|x86.Build.0 = Debug|x64
		{82B03C42-FA95-4B52-B698-2C24E6D6CA01}.Release|x64.ActiveCfg = Release|x64
		{82B03C42-FA95-4B52-B698-2C24E6D6CA01}.Release|x64.Build.0 = Release|x64
		{82B03C42-FA95-4B52-B698-2C24E6D6CA01}.Release|x86.ActiveCfg = Release|x86
		{82B03C42-FA95-4B52-B698-2C24E6D6CA01}.Release|x86.Build.0 = Release|x86
		{C726452C-E821-4510-B9C9-061D281CC116}.Debug|x64.ActiveCfg = Debug|x64
		{C726452C-E821-4510-B9C9-061D281CC116}.Debug|x64.Build.0 = Debug|x64
		{C726452C-E821-4510-B9C9-061D281CC116}.Debug|x86.ActiveCfg = Debug|Win32
		{C726452C-E821-4510-B9C9-061D281CC116}.Debug|x86.Build.0 = Debug|Win32
		{C726452C-E821-4510-B9C9-061D281CC116}.Release|x64.ActiveCfg = Release|x64
		{C726452C-E821-4510-B9C9-061D281CC116}.Release|x64.Build.0 = Release|x64
		{C726452C-E821-4510-B9C9-061D281CC116}.Release|x86.ActiveCfg = Release|Win32
		{C726452C-E821-4510-B9C9-061D281CC116}.Release|x86.Build.0 = Release|Win32
	EndGlobalSection
	GlobalSection(SolutionProperties) = preSolution
		HideSolutionNode = FALSE
	EndGlobalSection
	GlobalSection(ExtensibilityGlobals) = postSolution
		SolutionGuid = {B8B02B36-65EF-4436-845E-4F0D5A579F57}
	EndGlobalSection
EndGlobal
